
Microsoft Visual Studio Solution File, Format Version 11.00
# Visual Studio 2010
Project("{A0786B88-2ADB-4C21-ABE8-AA2D79766269}") = "abhyuday", "abhyuday.phpproj", "{B3C5FE84-A99E-4317-86B8-FC782449DB71}"
EndProject
Global
	GlobalSection(SolutionConfigurationPlatforms) = preSolution
		Debug|Any CPU = Debug|Any CPU
		Release|Any CPU = Release|Any CPU
	EndGlobalSection
	GlobalSection(ProjectConfigurationPlatforms) = postSolution
		{B3C5FE84-A99E-4317-86B8-FC782449DB71}.Debug|Any CPU.ActiveCfg = Debug|Any CPU
		{B3C5FE84-A99E-4317-86B8-FC782449DB71}.Debug|Any CPU.Build.0 = Debug|Any CPU
		{B3C5FE84-A99E-4317-86B8-FC782449DB71}.Release|Any CPU.ActiveCfg = Release|Any CPU
		{B3C5FE84-A99E-4317-86B8-FC782449DB71}.Release|Any CPU.Build.0 = Release|Any CPU
	EndGlobalSection
	GlobalSection(SolutionProperties) = preSolution
		HideSolutionNode = FALSE
	EndGlobalSection
EndGlobal
