
Microsoft Visual Studio Solution File, Format Version 11.00
# Visual Studio 2010
Project("{A0786B88-2ADB-4C21-ABE8-AA2D79766269}") = "abhyu", "abhyu.phpproj", "{00F9343D-85D6-4255-813D-6CA4FF5DEBC3}"
EndProject
Global
	GlobalSection(SolutionConfigurationPlatforms) = preSolution
		Debug|Any CPU = Debug|Any CPU
		Release|Any CPU = Release|Any CPU
	EndGlobalSection
	GlobalSection(ProjectConfigurationPlatforms) = postSolution
		{00F9343D-85D6-4255-813D-6CA4FF5DEBC3}.Debug|Any CPU.ActiveCfg = Debug|Any CPU
		{00F9343D-85D6-4255-813D-6CA4FF5DEBC3}.Debug|Any CPU.Build.0 = Debug|Any CPU
		{00F9343D-85D6-4255-813D-6CA4FF5DEBC3}.Release|Any CPU.ActiveCfg = Release|Any CPU
		{00F9343D-85D6-4255-813D-6CA4FF5DEBC3}.Release|Any CPU.Build.0 = Release|Any CPU
	EndGlobalSection
	GlobalSection(SolutionProperties) = preSolution
		HideSolutionNode = FALSE
	EndGlobalSection
EndGlobal
